
Microsoft Visual Studio Solution File, Format Version 11.00
# Visual Studio 2010
Project("{FAE04EC0-301F-11D3-BF4B-00C04F79EFBC}") = "SampleApplication", "SampleApplication\SampleApplication.csproj", "{932C7FDF-FBF0-4023-99EF-5EA6E799F828}"
EndProject
Project("{FAE04EC0-301F-11D3-BF4B-00C04F79EFBC}") = "FacebookExtensions", "FacebookExtensions\FacebookExtensions.csproj", "{2C155776-6C03-4932-A87B-2225015A4415}"
EndProject
Global
	GlobalSection(SolutionConfigurationPlatforms) = preSolution
		Debug|Any CPU = Debug|Any CPU
		Release|Any CPU = Release|Any CPU
	EndGlobalSection
	GlobalSection(ProjectConfigurationPlatforms) = postSolution
		{932C7FDF-FBF0-4023-99EF-5EA6E799F828}.Debug|Any CPU.ActiveCfg = Debug|Any CPU
		{932C7FDF-FBF0-4023-99EF-5EA6E799F828}.Debug|Any CPU.Build.0 = Debug|Any CPU
		{932C7FDF-FBF0-4023-99EF-5EA6E799F828}.Release|Any CPU.ActiveCfg = Release|Any CPU
		{932C7FDF-FBF0-4023-99EF-5EA6E799F828}.Release|Any CPU.Build.0 = Release|Any CPU
		{2C155776-6C03-4932-A87B-2225015A4415}.Debug|Any CPU.ActiveCfg = Debug|Any CPU
		{2C155776-6C03-4932-A87B-2225015A4415}.Debug|Any CPU.Build.0 = Debug|Any CPU
		{2C155776-6C03-4932-A87B-2225015A4415}.Release|Any CPU.ActiveCfg = Release|Any CPU
		{2C155776-6C03-4932-A87B-2225015A4415}.Release|Any CPU.Build.0 = Release|Any CPU
	EndGlobalSection
	GlobalSection(SolutionProperties) = preSolution
		HideSolutionNode = FALSE
	EndGlobalSection
EndGlobal
